
Microsoft Visual Studio Solution File, Format Version 12.00
# Visual Studio 15
VisualStudioVersion = 15.0.28010.2048
MinimumVisualStudioVersion = 10.0.40219.1
Project("{FAE04EC0-301F-11D3-BF4B-00C04F79EFBC}") = "D01b", "D01b\D01b.csproj", "{6D3ACE79-213E-451E-A255-A61CD675A632}"
EndProject
Project("{FAE04EC0-301F-11D3-BF4B-00C04F79EFBC}") = "D01a", "D01a\D01a.csproj", "{805E3234-6915-4E13-9205-9F14642A5BED}"
EndProject
Project("{FAE04EC0-301F-11D3-BF4B-00C04F79EFBC}") = "D02a", "D02a\D02a.csproj", "{0031AD09-FB05-40B9-BF72-91A6357623E9}"
EndProject
Project("{FAE04EC0-301F-11D3-BF4B-00C04F79EFBC}") = "D02b", "D02b\D02b.csproj", "{F1873DAF-00A0-4460-A2BF-797E539B20EF}"
EndProject
Project("{9A19103F-16F7-4668-BE54-9A1E7A4F7556}") = "D03a", "D03a\D03a.csproj", "{7889A940-4957-4CDA-BAF2-8CED7202F8C6}"
EndProject
Project("{FAE04EC0-301F-11D3-BF4B-00C04F79EFBC}") = "D10A", "D10A\D10A.csproj", "{576E466E-F760-4C8A-999C-33DD31D1230A}"
EndProject
Project("{FAE04EC0-301F-11D3-BF4B-00C04F79EFBC}") = "Day4A", "D4A\Day4A.csproj", "{C6C1A9A8-4EAF-4CD0-92AC-5A05A5688EF5}"
EndProject
Project("{FAE04EC0-301F-11D3-BF4B-00C04F79EFBC}") = "D4B", "D4B\D4B.csproj", "{B99FC0AA-848B-480C-95CA-4D454BABF152}"
EndProject
Project("{FAE04EC0-301F-11D3-BF4B-00C04F79EFBC}") = "D5A", "D5A\D5A.csproj", "{57721902-8BF1-45D6-AC22-0592ED4797A3}"
EndProject
Project("{FAE04EC0-301F-11D3-BF4B-00C04F79EFBC}") = "D5B", "D5B\D5B.csproj", "{A31291CC-B921-4981-986B-85865AB2D923}"
EndProject
Project("{FAE04EC0-301F-11D3-BF4B-00C04F79EFBC}") = "D6A", "D6A\D6A.csproj", "{3A31C1F4-E457-4936-8094-207687D1FF49}"
EndProject
Project("{FAE04EC0-301F-11D3-BF4B-00C04F79EFBC}") = "D6B", "D6B\D6B.csproj", "{EE141BA4-CF7F-4078-977D-5EA2DAF2CCCB}"
EndProject
Project("{FAE04EC0-301F-11D3-BF4B-00C04F79EFBC}") = "D7A", "D7A\D7A.csproj", "{22F292FC-3AFE-4D81-BE03-A3356383CD68}"
EndProject
Project("{FAE04EC0-301F-11D3-BF4B-00C04F79EFBC}") = "D7B", "D7B\D7B.csproj", "{2CD3B100-438F-4EBA-8556-503CEDA7A697}"
EndProject
Project("{FAE04EC0-301F-11D3-BF4B-00C04F79EFBC}") = "D8A", "D8A\D8A.csproj", "{9173D306-1B1A-4291-89A4-9F5B0796840D}"
EndProject
Project("{FAE04EC0-301F-11D3-BF4B-00C04F79EFBC}") = "D8B", "D8B\D8B.csproj", "{F63E6C39-6663-4C47-BFCB-EC10DC568095}"
EndProject
Project("{FAE04EC0-301F-11D3-BF4B-00C04F79EFBC}") = "D9A", "D9A\D9A.csproj", "{0D82BDFB-645E-4802-A4FE-F01C9B3A3D16}"
EndProject
Project("{FAE04EC0-301F-11D3-BF4B-00C04F79EFBC}") = "D9B", "D9B\D9B.csproj", "{B1BDA77C-E011-4AB7-81ED-2386ADC45D8F}"
EndProject
Project("{FAE04EC0-301F-11D3-BF4B-00C04F79EFBC}") = "D11A", "D11A\D11A.csproj", "{D15744C3-3777-4411-BA8A-120BC5DA7FE6}"
EndProject
Global
	GlobalSection(SolutionConfigurationPlatforms) = preSolution
		Debug|Any CPU = Debug|Any CPU
		Release|Any CPU = Release|Any CPU
	EndGlobalSection
	GlobalSection(ProjectConfigurationPlatforms) = postSolution
		{6D3ACE79-213E-451E-A255-A61CD675A632}.Debug|Any CPU.ActiveCfg = Debug|Any CPU
		{6D3ACE79-213E-451E-A255-A61CD675A632}.Debug|Any CPU.Build.0 = Debug|Any CPU
		{6D3ACE79-213E-451E-A255-A61CD675A632}.Release|Any CPU.ActiveCfg = Release|Any CPU
		{6D3ACE79-213E-451E-A255-A61CD675A632}.Release|Any CPU.Build.0 = Release|Any CPU
		{805E3234-6915-4E13-9205-9F14642A5BED}.Debug|Any CPU.ActiveCfg = Debug|Any CPU
		{805E3234-6915-4E13-9205-9F14642A5BED}.Debug|Any CPU.Build.0 = Debug|Any CPU
		{805E3234-6915-4E13-9205-9F14642A5BED}.Release|Any CPU.ActiveCfg = Release|Any CPU
		{805E3234-6915-4E13-9205-9F14642A5BED}.Release|Any CPU.Build.0 = Release|Any CPU
		{0031AD09-FB05-40B9-BF72-91A6357623E9}.Debug|Any CPU.ActiveCfg = Debug|Any CPU
		{0031AD09-FB05-40B9-BF72-91A6357623E9}.Debug|Any CPU.Build.0 = Debug|Any CPU
		{0031AD09-FB05-40B9-BF72-91A6357623E9}.Release|Any CPU.ActiveCfg = Release|Any CPU
		{0031AD09-FB05-40B9-BF72-91A6357623E9}.Release|Any CPU.Build.0 = Release|Any CPU
		{F1873DAF-00A0-4460-A2BF-797E539B20EF}.Debug|Any CPU.ActiveCfg = Debug|Any CPU
		{F1873DAF-00A0-4460-A2BF-797E539B20EF}.Debug|Any CPU.Build.0 = Debug|Any CPU
		{F1873DAF-00A0-4460-A2BF-797E539B20EF}.Release|Any CPU.ActiveCfg = Release|Any CPU
		{F1873DAF-00A0-4460-A2BF-797E539B20EF}.Release|Any CPU.Build.0 = Release|Any CPU
		{7889A940-4957-4CDA-BAF2-8CED7202F8C6}.Debug|Any CPU.ActiveCfg = Debug|Any CPU
		{7889A940-4957-4CDA-BAF2-8CED7202F8C6}.Debug|Any CPU.Build.0 = Debug|Any CPU
		{7889A940-4957-4CDA-BAF2-8CED7202F8C6}.Release|Any CPU.ActiveCfg = Release|Any CPU
		{7889A940-4957-4CDA-BAF2-8CED7202F8C6}.Release|Any CPU.Build.0 = Release|Any CPU
		{576E466E-F760-4C8A-999C-33DD31D1230A}.Debug|Any CPU.ActiveCfg = Debug|Any CPU
		{576E466E-F760-4C8A-999C-33DD31D1230A}.Debug|Any CPU.Build.0 = Debug|Any CPU
		{576E466E-F760-4C8A-999C-33DD31D1230A}.Release|Any CPU.ActiveCfg = Release|Any CPU
		{576E466E-F760-4C8A-999C-33DD31D1230A}.Release|Any CPU.Build.0 = Release|Any CPU
		{C6C1A9A8-4EAF-4CD0-92AC-5A05A5688EF5}.Debug|Any CPU.ActiveCfg = Debug|Any CPU
		{C6C1A9A8-4EAF-4CD0-92AC-5A05A5688EF5}.Debug|Any CPU.Build.0 = Debug|Any CPU
		{C6C1A9A8-4EAF-4CD0-92AC-5A05A5688EF5}.Release|Any CPU.ActiveCfg = Release|Any CPU
		{C6C1A9A8-4EAF-4CD0-92AC-5A05A5688EF5}.Release|Any CPU.Build.0 = Release|Any CPU
		{B99FC0AA-848B-480C-95CA-4D454BABF152}.Debug|Any CPU.ActiveCfg = Debug|Any CPU
		{B99FC0AA-848B-480C-95CA-4D454BABF152}.Debug|Any CPU.Build.0 = Debug|Any CPU
		{B99FC0AA-848B-480C-95CA-4D454BABF152}.Release|Any CPU.ActiveCfg = Release|Any CPU
		{B99FC0AA-848B-480C-95CA-4D454BABF152}.Release|Any CPU.Build.0 = Release|Any CPU
		{57721902-8BF1-45D6-AC22-0592ED4797A3}.Debug|Any CPU.ActiveCfg = Debug|Any CPU
		{57721902-8BF1-45D6-AC22-0592ED4797A3}.Debug|Any CPU.Build.0 = Debug|Any CPU
		{57721902-8BF1-45D6-AC22-0592ED4797A3}.Release|Any CPU.ActiveCfg = Release|Any CPU
		{57721902-8BF1-45D6-AC22-0592ED4797A3}.Release|Any CPU.Build.0 = Release|Any CPU
		{A31291CC-B921-4981-986B-85865AB2D923}.Debug|Any CPU.ActiveCfg = Debug|Any CPU
		{A31291CC-B921-4981-986B-85865AB2D923}.Debug|Any CPU.Build.0 = Debug|Any CPU
		{A31291CC-B921-4981-986B-85865AB2D923}.Release|Any CPU.ActiveCfg = Release|Any CPU
		{A31291CC-B921-4981-986B-85865AB2D923}.Release|Any CPU.Build.0 = Release|Any CPU
		{3A31C1F4-E457-4936-8094-207687D1FF49}.Debug|Any CPU.ActiveCfg = Debug|Any CPU
		{3A31C1F4-E457-4936-8094-207687D1FF49}.Debug|Any CPU.Build.0 = Debug|Any CPU
		{3A31C1F4-E457-4936-8094-207687D1FF49}.Release|Any CPU.ActiveCfg = Release|Any CPU
		{3A31C1F4-E457-4936-8094-207687D1FF49}.Release|Any CPU.Build.0 = Release|Any CPU
		{EE141BA4-CF7F-4078-977D-5EA2DAF2CCCB}.Debug|Any CPU.ActiveCfg = Debug|Any CPU
		{EE141BA4-CF7F-4078-977D-5EA2DAF2CCCB}.Debug|Any CPU.Build.0 = Debug|Any CPU
		{EE141BA4-CF7F-4078-977D-5EA2DAF2CCCB}.Release|Any CPU.ActiveCfg = Release|Any CPU
		{EE141BA4-CF7F-4078-977D-5EA2DAF2CCCB}.Release|Any CPU.Build.0 = Release|Any CPU
		{22F292FC-3AFE-4D81-BE03-A3356383CD68}.Debug|Any CPU.ActiveCfg = Debug|Any CPU
		{22F292FC-3AFE-4D81-BE03-A3356383CD68}.Debug|Any CPU.Build.0 = Debug|Any CPU
		{22F292FC-3AFE-4D81-BE03-A3356383CD68}.Release|Any CPU.ActiveCfg = Release|Any CPU
		{22F292FC-3AFE-4D81-BE03-A3356383CD68}.Release|Any CPU.Build.0 = Release|Any CPU
		{2CD3B100-438F-4EBA-8556-503CEDA7A697}.Debug|Any CPU.ActiveCfg = Debug|Any CPU
		{2CD3B100-438F-4EBA-8556-503CEDA7A697}.Debug|Any CPU.Build.0 = Debug|Any CPU
		{2CD3B100-438F-4EBA-8556-503CEDA7A697}.Release|Any CPU.ActiveCfg = Release|Any CPU
		{2CD3B100-438F-4EBA-8556-503CEDA7A697}.Release|Any CPU.Build.0 = Release|Any CPU
		{9173D306-1B1A-4291-89A4-9F5B0796840D}.Debug|Any CPU.ActiveCfg = Debug|Any CPU
		{9173D306-1B1A-4291-89A4-9F5B0796840D}.Debug|Any CPU.Build.0 = Debug|Any CPU
		{9173D306-1B1A-4291-89A4-9F5B0796840D}.Release|Any CPU.ActiveCfg = Release|Any CPU
		{9173D306-1B1A-4291-89A4-9F5B0796840D}.Release|Any CPU.Build.0 = Release|Any CPU
		{F63E6C39-6663-4C47-BFCB-EC10DC568095}.Debug|Any CPU.ActiveCfg = Debug|Any CPU
		{F63E6C39-6663-4C47-BFCB-EC10DC568095}.Debug|Any CPU.Build.0 = Debug|Any CPU
		{F63E6C39-6663-4C47-BFCB-EC10DC568095}.Release|Any CPU.ActiveCfg = Release|Any CPU
		{F63E6C39-6663-4C47-BFCB-EC10DC568095}.Release|Any CPU.Build.0 = Release|Any CPU
		{0D82BDFB-645E-4802-A4FE-F01C9B3A3D16}.Debug|Any CPU.ActiveCfg = Debug|Any CPU
		{0D82BDFB-645E-4802-A4FE-F01C9B3A3D16}.Debug|Any CPU.Build.0 = Debug|Any CPU
		{0D82BDFB-645E-4802-A4FE-F01C9B3A3D16}.Release|Any CPU.ActiveCfg = Release|Any CPU
		{0D82BDFB-645E-4802-A4FE-F01C9B3A3D16}.Release|Any CPU.Build.0 = Release|Any CPU
		{B1BDA77C-E011-4AB7-81ED-2386ADC45D8F}.Debug|Any CPU.ActiveCfg = Debug|Any CPU
		{B1BDA77C-E011-4AB7-81ED-2386ADC45D8F}.Debug|Any CPU.Build.0 = Debug|Any CPU
		{B1BDA77C-E011-4AB7-81ED-2386ADC45D8F}.Release|Any CPU.ActiveCfg = Release|Any CPU
		{B1BDA77C-E011-4AB7-81ED-2386ADC45D8F}.Release|Any CPU.Build.0 = Release|Any CPU
		{D15744C3-3777-4411-BA8A-120BC5DA7FE6}.Debug|Any CPU.ActiveCfg = Debug|Any CPU
		{D15744C3-3777-4411-BA8A-120BC5DA7FE6}.Debug|Any CPU.Build.0 = Debug|Any CPU
		{D15744C3-3777-4411-BA8A-120BC5DA7FE6}.Release|Any CPU.ActiveCfg = Release|Any CPU
		{D15744C3-3777-4411-BA8A-120BC5DA7FE6}.Release|Any CPU.Build.0 = Release|Any CPU
	EndGlobalSection
	GlobalSection(SolutionProperties) = preSolution
		HideSolutionNode = FALSE
	EndGlobalSection
	GlobalSection(ExtensibilityGlobals) = postSolution
		SolutionGuid = {679CC030-8341-47DF-BEC8-EFAAE48D7CC0}
	EndGlobalSection
EndGlobal
